
Microsoft Visual Studio Solution File, Format Version 12.00
# Visual Studio Version 17
VisualStudioVersion = 17.5.002.0
MinimumVisualStudioVersion = 10.0.40219.1
Project("{9A19103F-16F7-4668-BE54-9A1E7A4F7556}") = "0020-valid-parentheses", "0020-valid-parentheses.csproj", "{AE5E93B4-B048-4670-9758-5E47C7459154}"
EndProject
Global
	GlobalSection(SolutionConfigurationPlatforms) = preSolution
		Debug|Any CPU = Debug|Any CPU
		Release|Any CPU = Release|Any CPU
	EndGlobalSection
	GlobalSection(ProjectConfigurationPlatforms) = postSolution
		{AE5E93B4-B048-4670-9758-5E47C7459154}.Debug|Any CPU.ActiveCfg = Debug|Any CPU
		{AE5E93B4-B048-4670-9758-5E47C7459154}.Debug|Any CPU.Build.0 = Debug|Any CPU
		{AE5E93B4-B048-4670-9758-5E47C7459154}.Release|Any CPU.ActiveCfg = Release|Any CPU
		{AE5E93B4-B048-4670-9758-5E47C7459154}.Release|Any CPU.Build.0 = Release|Any CPU
	EndGlobalSection
	GlobalSection(SolutionProperties) = preSolution
		HideSolutionNode = FALSE
	EndGlobalSection
	GlobalSection(ExtensibilityGlobals) = postSolution
		SolutionGuid = {AB4E3AD4-F7B6-4A63-BFA6-DDF5A0C97330}
	EndGlobalSection
EndGlobal
