
Microsoft Visual Studio Solution File, Format Version 12.00
# Visual Studio Version 17
VisualStudioVersion = 17.5.002.0
MinimumVisualStudioVersion = 10.0.40219.1
Project("{9A19103F-16F7-4668-BE54-9A1E7A4F7556}") = "0026-remove-duplicates-from-sorted-array", "0026-remove-duplicates-from-sorted-array.csproj", "{0FC1CE27-A992-4A24-A464-6BBA0AA1FF9E}"
EndProject
Global
	GlobalSection(SolutionConfigurationPlatforms) = preSolution
		Debug|Any CPU = Debug|Any CPU
		Release|Any CPU = Release|Any CPU
	EndGlobalSection
	GlobalSection(ProjectConfigurationPlatforms) = postSolution
		{0FC1CE27-A992-4A24-A464-6BBA0AA1FF9E}.Debug|Any CPU.ActiveCfg = Debug|Any CPU
		{0FC1CE27-A992-4A24-A464-6BBA0AA1FF9E}.Debug|Any CPU.Build.0 = Debug|Any CPU
		{0FC1CE27-A992-4A24-A464-6BBA0AA1FF9E}.Release|Any CPU.ActiveCfg = Release|Any CPU
		{0FC1CE27-A992-4A24-A464-6BBA0AA1FF9E}.Release|Any CPU.Build.0 = Release|Any CPU
	EndGlobalSection
	GlobalSection(SolutionProperties) = preSolution
		HideSolutionNode = FALSE
	EndGlobalSection
	GlobalSection(ExtensibilityGlobals) = postSolution
		SolutionGuid = {D07A419A-2D7C-4522-A487-C8A9C947292E}
	EndGlobalSection
EndGlobal
