
Microsoft Visual Studio Solution File, Format Version 12.00
# Visual Studio Version 17
VisualStudioVersion = 17.5.002.0
MinimumVisualStudioVersion = 10.0.40219.1
Project("{9A19103F-16F7-4668-BE54-9A1E7A4F7556}") = "0009-palindrome-number", "0009-palindrome-number.csproj", "{AEABF888-F35A-4889-833E-CF2B1ADA9CCA}"
EndProject
Global
	GlobalSection(SolutionConfigurationPlatforms) = preSolution
		Debug|Any CPU = Debug|Any CPU
		Release|Any CPU = Release|Any CPU
	EndGlobalSection
	GlobalSection(ProjectConfigurationPlatforms) = postSolution
		{AEABF888-F35A-4889-833E-CF2B1ADA9CCA}.Debug|Any CPU.ActiveCfg = Debug|Any CPU
		{AEABF888-F35A-4889-833E-CF2B1ADA9CCA}.Debug|Any CPU.Build.0 = Debug|Any CPU
		{AEABF888-F35A-4889-833E-CF2B1ADA9CCA}.Release|Any CPU.ActiveCfg = Release|Any CPU
		{AEABF888-F35A-4889-833E-CF2B1ADA9CCA}.Release|Any CPU.Build.0 = Release|Any CPU
	EndGlobalSection
	GlobalSection(SolutionProperties) = preSolution
		HideSolutionNode = FALSE
	EndGlobalSection
	GlobalSection(ExtensibilityGlobals) = postSolution
		SolutionGuid = {7F618D89-A843-466F-BEA0-FB3EB8598E84}
	EndGlobalSection
EndGlobal
