
Microsoft Visual Studio Solution File, Format Version 12.00
# Visual Studio Version 17
VisualStudioVersion = 17.5.002.0
MinimumVisualStudioVersion = 10.0.40219.1
Project("{9A19103F-16F7-4668-BE54-9A1E7A4F7556}") = "0022-generate-parentheses", "0022-generate-parentheses.csproj", "{506BD3FA-511E-43CC-BC50-2FB87896B074}"
EndProject
Global
	GlobalSection(SolutionConfigurationPlatforms) = preSolution
		Debug|Any CPU = Debug|Any CPU
		Release|Any CPU = Release|Any CPU
	EndGlobalSection
	GlobalSection(ProjectConfigurationPlatforms) = postSolution
		{506BD3FA-511E-43CC-BC50-2FB87896B074}.Debug|Any CPU.ActiveCfg = Debug|Any CPU
		{506BD3FA-511E-43CC-BC50-2FB87896B074}.Debug|Any CPU.Build.0 = Debug|Any CPU
		{506BD3FA-511E-43CC-BC50-2FB87896B074}.Release|Any CPU.ActiveCfg = Release|Any CPU
		{506BD3FA-511E-43CC-BC50-2FB87896B074}.Release|Any CPU.Build.0 = Release|Any CPU
	EndGlobalSection
	GlobalSection(SolutionProperties) = preSolution
		HideSolutionNode = FALSE
	EndGlobalSection
	GlobalSection(ExtensibilityGlobals) = postSolution
		SolutionGuid = {9908B220-1245-47AF-93F0-7AA86CA06ACD}
	EndGlobalSection
EndGlobal
