
Microsoft Visual Studio Solution File, Format Version 12.00
# Visual Studio Version 17
VisualStudioVersion = 17.5.002.0
MinimumVisualStudioVersion = 10.0.40219.1
Project("{9A19103F-16F7-4668-BE54-9A1E7A4F7556}") = "0025-reverse-nodes-in-k-group", "0025-reverse-nodes-in-k-group.csproj", "{AA8A0611-9E9C-45BB-B542-657091B8CC37}"
EndProject
Global
	GlobalSection(SolutionConfigurationPlatforms) = preSolution
		Debug|Any CPU = Debug|Any CPU
		Release|Any CPU = Release|Any CPU
	EndGlobalSection
	GlobalSection(ProjectConfigurationPlatforms) = postSolution
		{AA8A0611-9E9C-45BB-B542-657091B8CC37}.Debug|Any CPU.ActiveCfg = Debug|Any CPU
		{AA8A0611-9E9C-45BB-B542-657091B8CC37}.Debug|Any CPU.Build.0 = Debug|Any CPU
		{AA8A0611-9E9C-45BB-B542-657091B8CC37}.Release|Any CPU.ActiveCfg = Release|Any CPU
		{AA8A0611-9E9C-45BB-B542-657091B8CC37}.Release|Any CPU.Build.0 = Release|Any CPU
	EndGlobalSection
	GlobalSection(SolutionProperties) = preSolution
		HideSolutionNode = FALSE
	EndGlobalSection
	GlobalSection(ExtensibilityGlobals) = postSolution
		SolutionGuid = {B9492C59-014C-4BC7-8ECA-7787C7293545}
	EndGlobalSection
EndGlobal
