
Microsoft Visual Studio Solution File, Format Version 12.00
# Visual Studio Version 17
VisualStudioVersion = 17.5.002.0
MinimumVisualStudioVersion = 10.0.40219.1
Project("{9A19103F-16F7-4668-BE54-9A1E7A4F7556}") = "0031-next-permutation", "0031-next-permutation.csproj", "{B0B4C29B-B997-45B0-9B78-69F0B23F7796}"
EndProject
Global
	GlobalSection(SolutionConfigurationPlatforms) = preSolution
		Debug|Any CPU = Debug|Any CPU
		Release|Any CPU = Release|Any CPU
	EndGlobalSection
	GlobalSection(ProjectConfigurationPlatforms) = postSolution
		{B0B4C29B-B997-45B0-9B78-69F0B23F7796}.Debug|Any CPU.ActiveCfg = Debug|Any CPU
		{B0B4C29B-B997-45B0-9B78-69F0B23F7796}.Debug|Any CPU.Build.0 = Debug|Any CPU
		{B0B4C29B-B997-45B0-9B78-69F0B23F7796}.Release|Any CPU.ActiveCfg = Release|Any CPU
		{B0B4C29B-B997-45B0-9B78-69F0B23F7796}.Release|Any CPU.Build.0 = Release|Any CPU
	EndGlobalSection
	GlobalSection(SolutionProperties) = preSolution
		HideSolutionNode = FALSE
	EndGlobalSection
	GlobalSection(ExtensibilityGlobals) = postSolution
		SolutionGuid = {23AC7391-16EC-4027-9D2D-8F07EB1730B3}
	EndGlobalSection
EndGlobal
